
Microsoft Visual Studio Solution File, Format Version 12.00
# Visual Studio 14
VisualStudioVersion = 14.0.25123.0
MinimumVisualStudioVersion = 10.0.40219.1
Project("{FAE04EC0-301F-11D3-BF4B-00C04F79EFBC}") = "MVC_Counter", "MVC_Counter\MVC_Counter.csproj", "{750FBFA0-21DF-4FF6-8D51-917B4D72EA16}"
EndProject
Project("{FAE04EC0-301F-11D3-BF4B-00C04F79EFBC}") = "MVC_Counter.Tests", "MVC_Counter.Tests\MVC_Counter.Tests.csproj", "{F05EA182-4977-44D1-B660-23C85F63509D}"
EndProject
Global
	GlobalSection(SolutionConfigurationPlatforms) = preSolution
		Debug|Any CPU = Debug|Any CPU
		Release|Any CPU = Release|Any CPU
	EndGlobalSection
	GlobalSection(ProjectConfigurationPlatforms) = postSolution
		{750FBFA0-21DF-4FF6-8D51-917B4D72EA16}.Debug|Any CPU.ActiveCfg = Debug|Any CPU
		{750FBFA0-21DF-4FF6-8D51-917B4D72EA16}.Debug|Any CPU.Build.0 = Debug|Any CPU
		{750FBFA0-21DF-4FF6-8D51-917B4D72EA16}.Release|Any CPU.ActiveCfg = Release|Any CPU
		{750FBFA0-21DF-4FF6-8D51-917B4D72EA16}.Release|Any CPU.Build.0 = Release|Any CPU
		{F05EA182-4977-44D1-B660-23C85F63509D}.Debug|Any CPU.ActiveCfg = Debug|Any CPU
		{F05EA182-4977-44D1-B660-23C85F63509D}.Debug|Any CPU.Build.0 = Debug|Any CPU
		{F05EA182-4977-44D1-B660-23C85F63509D}.Release|Any CPU.ActiveCfg = Release|Any CPU
		{F05EA182-4977-44D1-B660-23C85F63509D}.Release|Any CPU.Build.0 = Release|Any CPU
	EndGlobalSection
	GlobalSection(SolutionProperties) = preSolution
		HideSolutionNode = FALSE
	EndGlobalSection
EndGlobal
